
Microsoft Visual Studio Solution File, Format Version 12.00
# Visual Studio Version 17
VisualStudioVersion = 17.4.33213.308
MinimumVisualStudioVersion = 10.0.40219.1
Project("{9A19103F-16F7-4668-BE54-9A1E7A4F7556}") = "Tahalil.API", "Tahalil.API\Tahalil.API.csproj", "{91764AB7-71F1-4B35-875F-17B89DD748A9}"
EndProject
Project("{9A19103F-16F7-4668-BE54-9A1E7A4F7556}") = "Tahalil.Models", "Tahalil.Models\Tahalil.Models.csproj", "{958347F3-12EF-4826-A2F5-06C6AA8F6438}"
EndProject
Project("{9A19103F-16F7-4668-BE54-9A1E7A4F7556}") = "Tahalil.BlazorUI", "Tahalil.BlazorUI\Tahalil.BlazorUI.csproj", "{C81BCD41-FE7E-4D24-A4A4-B7029BD3C69A}"
EndProject
Global
	GlobalSection(SolutionConfigurationPlatforms) = preSolution
		Debug|Any CPU = Debug|Any CPU
		Release|Any CPU = Release|Any CPU
	EndGlobalSection
	GlobalSection(ProjectConfigurationPlatforms) = postSolution
		{91764AB7-71F1-4B35-875F-17B89DD748A9}.Debug|Any CPU.ActiveCfg = Debug|Any CPU
		{91764AB7-71F1-4B35-875F-17B89DD748A9}.Debug|Any CPU.Build.0 = Debug|Any CPU
		{91764AB7-71F1-4B35-875F-17B89DD748A9}.Release|Any CPU.ActiveCfg = Release|Any CPU
		{91764AB7-71F1-4B35-875F-17B89DD748A9}.Release|Any CPU.Build.0 = Release|Any CPU
		{958347F3-12EF-4826-A2F5-06C6AA8F6438}.Debug|Any CPU.ActiveCfg = Debug|Any CPU
		{958347F3-12EF-4826-A2F5-06C6AA8F6438}.Debug|Any CPU.Build.0 = Debug|Any CPU
		{958347F3-12EF-4826-A2F5-06C6AA8F6438}.Release|Any CPU.ActiveCfg = Release|Any CPU
		{958347F3-12EF-4826-A2F5-06C6AA8F6438}.Release|Any CPU.Build.0 = Release|Any CPU
		{C81BCD41-FE7E-4D24-A4A4-B7029BD3C69A}.Debug|Any CPU.ActiveCfg = Debug|Any CPU
		{C81BCD41-FE7E-4D24-A4A4-B7029BD3C69A}.Debug|Any CPU.Build.0 = Debug|Any CPU
		{C81BCD41-FE7E-4D24-A4A4-B7029BD3C69A}.Release|Any CPU.ActiveCfg = Release|Any CPU
		{C81BCD41-FE7E-4D24-A4A4-B7029BD3C69A}.Release|Any CPU.Build.0 = Release|Any CPU
	EndGlobalSection
	GlobalSection(SolutionProperties) = preSolution
		HideSolutionNode = FALSE
	EndGlobalSection
	GlobalSection(ExtensibilityGlobals) = postSolution
		SolutionGuid = {311E2C30-A2B3-47DE-80D3-DDE325BCA019}
	EndGlobalSection
EndGlobal
